// !$*UTF8*$!
{
	archiveVersion = 1;
	classes = {
	};
	objectVersion = 46;
	objects = {

/* Begin PBXBuildFile section */
		C44E80E11CBC955800006FCE /* OrderBy.swift in Headers */ = {isa = PBXBuildFile; fileRef = C486E0791CB3981C00DC85B8 /* OrderBy.swift */; settings = {ATTRIBUTES = (Public, ); }; };
		C44E80E21CBC955800006FCE /* SwiftyDB.swift in Headers */ = {isa = PBXBuildFile; fileRef = 398E03751C2839FB003A868B /* SwiftyDB.swift */; settings = {ATTRIBUTES = (Public, ); }; };
		C44E80E31CBC955800006FCE /* SwiftyDB+Asynchronous.swift in Headers */ = {isa = PBXBuildFile; fileRef = 395202B61C46E20200BF5871 /* SwiftyDB+Asynchronous.swift */; settings = {ATTRIBUTES = (Public, ); }; };
		C44E80E41CBC955800006FCE /* Filter.swift in Headers */ = {isa = PBXBuildFile; fileRef = 39C1F2EE1C4B2C6E00399275 /* Filter.swift */; settings = {ATTRIBUTES = (Public, ); }; };
		C44E80E51CBC955800006FCE /* Value.swift in Headers */ = {isa = PBXBuildFile; fileRef = 399A20D61CA435210010AD4F /* Value.swift */; settings = {ATTRIBUTES = (Public, ); }; };
		C44E80E61CBC955800006FCE /* Result.swift in Headers */ = {isa = PBXBuildFile; fileRef = 3967B1CA1C4904580045D876 /* Result.swift */; settings = {ATTRIBUTES = (Public, ); }; };
		C44E80E71CBC955800006FCE /* PropertyData.swift in Headers */ = {isa = PBXBuildFile; fileRef = 398E03761C2839FB003A868B /* PropertyData.swift */; settings = {ATTRIBUTES = (Public, ); }; };
		C44E80E81CBC955800006FCE /* StatementGenerator.swift in Headers */ = {isa = PBXBuildFile; fileRef = 3955AEAE1C384E6100345785 /* StatementGenerator.swift */; settings = {ATTRIBUTES = (Public, ); }; };
		C44E80EE1CBC957700006FCE /* OrderBy.swift in Sources */ = {isa = PBXBuildFile; fileRef = C486E0791CB3981C00DC85B8 /* OrderBy.swift */; };
		C44E80EF1CBC957700006FCE /* SwiftyDB.swift in Sources */ = {isa = PBXBuildFile; fileRef = 398E03751C2839FB003A868B /* SwiftyDB.swift */; };
		C44E80F01CBC957700006FCE /* SwiftyDB+Asynchronous.swift in Sources */ = {isa = PBXBuildFile; fileRef = 395202B61C46E20200BF5871 /* SwiftyDB+Asynchronous.swift */; };
		C44E80F11CBC957700006FCE /* Filter.swift in Sources */ = {isa = PBXBuildFile; fileRef = 39C1F2EE1C4B2C6E00399275 /* Filter.swift */; };
		C44E80F21CBC957700006FCE /* Value.swift in Sources */ = {isa = PBXBuildFile; fileRef = 399A20D61CA435210010AD4F /* Value.swift */; };
		C44E80F31CBC957700006FCE /* Result.swift in Sources */ = {isa = PBXBuildFile; fileRef = 3967B1CA1C4904580045D876 /* Result.swift */; };
		C44E80F41CBC957700006FCE /* PropertyData.swift in Sources */ = {isa = PBXBuildFile; fileRef = 398E03761C2839FB003A868B /* PropertyData.swift */; };
		C44E80F51CBC957700006FCE /* StatementGenerator.swift in Sources */ = {isa = PBXBuildFile; fileRef = 3955AEAE1C384E6100345785 /* StatementGenerator.swift */; };
		C44E81021CBC9DDD00006FCE /* DatabaseConnection.swift in Headers */ = {isa = PBXBuildFile; fileRef = C44E80F91CBC9DB400006FCE /* DatabaseConnection.swift */; settings = {ATTRIBUTES = (Public, ); }; };
		C44E81031CBC9DDD00006FCE /* DatabaseQueue.swift in Headers */ = {isa = PBXBuildFile; fileRef = C44E80FA1CBC9DB400006FCE /* DatabaseQueue.swift */; settings = {ATTRIBUTES = (Public, ); }; };
		C44E81041CBC9DDD00006FCE /* SQLiteDataType.swift in Headers */ = {isa = PBXBuildFile; fileRef = C44E80FB1CBC9DB400006FCE /* SQLiteDataType.swift */; settings = {ATTRIBUTES = (Public, ); }; };
		C44E81051CBC9DDD00006FCE /* Statement.swift in Headers */ = {isa = PBXBuildFile; fileRef = C44E80FC1CBC9DB400006FCE /* Statement.swift */; settings = {ATTRIBUTES = (Public, ); }; };
		C44E81061CBC9DED00006FCE /* DatabaseConnection.swift in Sources */ = {isa = PBXBuildFile; fileRef = C44E80F91CBC9DB400006FCE /* DatabaseConnection.swift */; };
		C44E81071CBC9DED00006FCE /* DatabaseQueue.swift in Sources */ = {isa = PBXBuildFile; fileRef = C44E80FA1CBC9DB400006FCE /* DatabaseQueue.swift */; };
		C44E81081CBC9DED00006FCE /* SQLiteDataType.swift in Sources */ = {isa = PBXBuildFile; fileRef = C44E80FB1CBC9DB400006FCE /* SQLiteDataType.swift */; };
		C44E81091CBC9DED00006FCE /* Statement.swift in Sources */ = {isa = PBXBuildFile; fileRef = C44E80FC1CBC9DB400006FCE /* Statement.swift */; };
		C44E810C1CBC9EA700006FCE /* libsqlite3.0.tbd in Frameworks */ = {isa = PBXBuildFile; fileRef = C44E810B1CBC9EA700006FCE /* libsqlite3.0.tbd */; };
		C44E810E1CBC9EF700006FCE /* Foundation.framework in Frameworks */ = {isa = PBXBuildFile; fileRef = C44E810D1CBC9EF700006FCE /* Foundation.framework */; };
/* End PBXBuildFile section */

/* Begin PBXFileReference section */
		395202B61C46E20200BF5871 /* SwiftyDB+Asynchronous.swift */ = {isa = PBXFileReference; fileEncoding = 4; lastKnownFileType = sourcecode.swift; path = "SwiftyDB+Asynchronous.swift"; sourceTree = "<group>"; };
		3955AEAE1C384E6100345785 /* StatementGenerator.swift */ = {isa = PBXFileReference; fileEncoding = 4; lastKnownFileType = sourcecode.swift; path = StatementGenerator.swift; sourceTree = "<group>"; };
		3967B1CA1C4904580045D876 /* Result.swift */ = {isa = PBXFileReference; fileEncoding = 4; lastKnownFileType = sourcecode.swift; path = Result.swift; sourceTree = "<group>"; };
		398E03751C2839FB003A868B /* SwiftyDB.swift */ = {isa = PBXFileReference; fileEncoding = 4; lastKnownFileType = sourcecode.swift; path = SwiftyDB.swift; sourceTree = "<group>"; };
		398E03761C2839FB003A868B /* PropertyData.swift */ = {isa = PBXFileReference; fileEncoding = 4; lastKnownFileType = sourcecode.swift; path = PropertyData.swift; sourceTree = "<group>"; };
		399A20D61CA435210010AD4F /* Value.swift */ = {isa = PBXFileReference; fileEncoding = 4; lastKnownFileType = sourcecode.swift; path = Value.swift; sourceTree = "<group>"; };
		39C1F2EC1C4A84BC00399275 /* CHANGELOG.md */ = {isa = PBXFileReference; fileEncoding = 4; lastKnownFileType = net.daringfireball.markdown; name = CHANGELOG.md; path = ../CHANGELOG.md; sourceTree = "<group>"; };
		39C1F2EE1C4B2C6E00399275 /* Filter.swift */ = {isa = PBXFileReference; fileEncoding = 4; lastKnownFileType = sourcecode.swift; path = Filter.swift; sourceTree = "<group>"; };
		4941F082C46DB310CFFA4D30 /* LICENSE */ = {isa = PBXFileReference; includeInIndex = 1; lastKnownFileType = text; name = LICENSE; path = ../LICENSE; sourceTree = "<group>"; };
		5952E95AA4F519734DB64FCA /* README.md */ = {isa = PBXFileReference; includeInIndex = 1; lastKnownFileType = net.daringfireball.markdown; name = README.md; path = ../README.md; sourceTree = "<group>"; xcLanguageSpecificationIdentifier = xcode.lang.markdown; };
		C44E80B81CBC907400006FCE /* libsqlite3.tbd */ = {isa = PBXFileReference; lastKnownFileType = "sourcecode.text-based-dylib-definition"; name = libsqlite3.tbd; path = usr/lib/libsqlite3.tbd; sourceTree = SDKROOT; };
		C44E80C61CBC951200006FCE /* SwiftyDB.framework */ = {isa = PBXFileReference; explicitFileType = wrapper.framework; includeInIndex = 0; path = SwiftyDB.framework; sourceTree = BUILT_PRODUCTS_DIR; };
		C44E80F91CBC9DB400006FCE /* DatabaseConnection.swift */ = {isa = PBXFileReference; fileEncoding = 4; lastKnownFileType = sourcecode.swift; path = DatabaseConnection.swift; sourceTree = "<group>"; };
		C44E80FA1CBC9DB400006FCE /* DatabaseQueue.swift */ = {isa = PBXFileReference; fileEncoding = 4; lastKnownFileType = sourcecode.swift; path = DatabaseQueue.swift; sourceTree = "<group>"; };
		C44E80FB1CBC9DB400006FCE /* SQLiteDataType.swift */ = {isa = PBXFileReference; fileEncoding = 4; lastKnownFileType = sourcecode.swift; path = SQLiteDataType.swift; sourceTree = "<group>"; };
		C44E80FC1CBC9DB400006FCE /* Statement.swift */ = {isa = PBXFileReference; fileEncoding = 4; lastKnownFileType = sourcecode.swift; path = Statement.swift; sourceTree = "<group>"; };
		C44E810B1CBC9EA700006FCE /* libsqlite3.0.tbd */ = {isa = PBXFileReference; lastKnownFileType = "sourcecode.text-based-dylib-definition"; name = libsqlite3.0.tbd; path = usr/lib/libsqlite3.0.tbd; sourceTree = SDKROOT; };
		C44E810D1CBC9EF700006FCE /* Foundation.framework */ = {isa = PBXFileReference; lastKnownFileType = wrapper.framework; name = Foundation.framework; path = System/Library/Frameworks/Foundation.framework; sourceTree = SDKROOT; };
		C45A29C81CC72E5100870AB4 /* Info.plist */ = {isa = PBXFileReference; fileEncoding = 4; lastKnownFileType = text.plist.xml; name = Info.plist; path = SwiftyDBTests/Info.plist; sourceTree = SOURCE_ROOT; };
		C45A29C91CC72E5100870AB4 /* SwiftyDBTests.swift */ = {isa = PBXFileReference; fileEncoding = 4; lastKnownFileType = sourcecode.swift; name = SwiftyDBTests.swift; path = SwiftyDBTests/SwiftyDBTests.swift; sourceTree = SOURCE_ROOT; };
		C45A29D01CC7314E00870AB4 /* Info.plist */ = {isa = PBXFileReference; fileEncoding = 4; lastKnownFileType = text.plist.xml; path = Info.plist; sourceTree = "<group>"; };
		C45A29D11CC7314E00870AB4 /* SwiftyDB.h */ = {isa = PBXFileReference; fileEncoding = 4; lastKnownFileType = sourcecode.c.h; path = SwiftyDB.h; sourceTree = "<group>"; };
		C45A29D41CC7338F00870AB4 /* SwiftyDB_Bridging-Header.h */ = {isa = PBXFileReference; fileEncoding = 4; lastKnownFileType = sourcecode.c.h; path = "SwiftyDB_Bridging-Header.h"; sourceTree = "<group>"; };
		C486E0791CB3981C00DC85B8 /* OrderBy.swift */ = {isa = PBXFileReference; fileEncoding = 4; lastKnownFileType = sourcecode.swift; path = OrderBy.swift; sourceTree = "<group>"; };
/* End PBXFileReference section */

/* Begin PBXFrameworksBuildPhase section */
		C44E80C21CBC951200006FCE /* Frameworks */ = {
			isa = PBXFrameworksBuildPhase;
			buildActionMask = 2147483647;
			files = (
				C44E810E1CBC9EF700006FCE /* Foundation.framework in Frameworks */,
				C44E810C1CBC9EA700006FCE /* libsqlite3.0.tbd in Frameworks */,
			);
			runOnlyForDeploymentPostprocessing = 0;
		};
/* End PBXFrameworksBuildPhase section */

/* Begin PBXGroup section */
		395DD6DA1C4E3BCA00244F8C /* Internal */ = {
			isa = PBXGroup;
			children = (
				3967B1CA1C4904580045D876 /* Result.swift */,
				398E03761C2839FB003A868B /* PropertyData.swift */,
				3955AEAE1C384E6100345785 /* StatementGenerator.swift */,
			);
			name = Internal;
			sourceTree = "<group>";
		};
		398E03731C2839FB003A868B /* Classes */ = {
			isa = PBXGroup;
			children = (
				C44E80F81CBC9DB400006FCE /* Database */,
				395DD6DA1C4E3BCA00244F8C /* Internal */,
				C486E0791CB3981C00DC85B8 /* OrderBy.swift */,
				398E03751C2839FB003A868B /* SwiftyDB.swift */,
				395202B61C46E20200BF5871 /* SwiftyDB+Asynchronous.swift */,
				39C1F2EE1C4B2C6E00399275 /* Filter.swift */,
				399A20D61CA435210010AD4F /* Value.swift */,
			);
			name = Classes;
			path = ../Pod/Classes;
			sourceTree = "<group>";
		};
		607FACC71AFB9204008FA782 = {
			isa = PBXGroup;
			children = (
				C45A29D31CC7338F00870AB4 /* Bridge */,
				C45A29CF1CC7314E00870AB4 /* SwiftyDB */,
				398E03731C2839FB003A868B /* Classes */,
				607FACF51AFB993E008FA782 /* Metadata */,
				C44E80D31CBC951200006FCE /* SwiftyDBTests */,
				607FACD11AFB9204008FA782 /* Products */,
				F120C33619F9B2B1FE97C58C /* Frameworks */,
			);
			sourceTree = "<group>";
		};
		607FACD11AFB9204008FA782 /* Products */ = {
			isa = PBXGroup;
			children = (
				C44E80C61CBC951200006FCE /* SwiftyDB.framework */,
			);
			name = Products;
			sourceTree = "<group>";
		};
		607FACF51AFB993E008FA782 /* Metadata */ = {
			isa = PBXGroup;
			children = (
				39C1F2EC1C4A84BC00399275 /* CHANGELOG.md */,
				5952E95AA4F519734DB64FCA /* README.md */,
				4941F082C46DB310CFFA4D30 /* LICENSE */,
			);
			name = Metadata;
			sourceTree = "<group>";
		};
		C44E80D31CBC951200006FCE /* SwiftyDBTests */ = {
			isa = PBXGroup;
			children = (
				C45A29C81CC72E5100870AB4 /* Info.plist */,
				C45A29C91CC72E5100870AB4 /* SwiftyDBTests.swift */,
			);
			name = SwiftyDBTests;
			path = SwifthDBTests;
			sourceTree = "<group>";
		};
		C44E80F81CBC9DB400006FCE /* Database */ = {
			isa = PBXGroup;
			children = (
				C44E80F91CBC9DB400006FCE /* DatabaseConnection.swift */,
				C44E80FA1CBC9DB400006FCE /* DatabaseQueue.swift */,
				C44E80FB1CBC9DB400006FCE /* SQLiteDataType.swift */,
				C44E80FC1CBC9DB400006FCE /* Statement.swift */,
			);
			path = Database;
			sourceTree = "<group>";
		};
		C45A29CF1CC7314E00870AB4 /* SwiftyDB */ = {
			isa = PBXGroup;
			children = (
				C45A29D01CC7314E00870AB4 /* Info.plist */,
				C45A29D11CC7314E00870AB4 /* SwiftyDB.h */,
			);
			path = SwiftyDB;
			sourceTree = "<group>";
		};
		C45A29D31CC7338F00870AB4 /* Bridge */ = {
			isa = PBXGroup;
			children = (
				C45A29D41CC7338F00870AB4 /* SwiftyDB_Bridging-Header.h */,
			);
			name = Bridge;
			path = ../Pod/Bridge;
			sourceTree = "<group>";
		};
		F120C33619F9B2B1FE97C58C /* Frameworks */ = {
			isa = PBXGroup;
			children = (
				C44E810D1CBC9EF700006FCE /* Foundation.framework */,
				C44E810B1CBC9EA700006FCE /* libsqlite3.0.tbd */,
				C44E80B81CBC907400006FCE /* libsqlite3.tbd */,
			);
			name = Frameworks;
			sourceTree = "<group>";
		};
/* End PBXGroup section */

/* Begin PBXHeadersBuildPhase section */
		C44E80C31CBC951200006FCE /* Headers */ = {
			isa = PBXHeadersBuildPhase;
			buildActionMask = 2147483647;
			files = (
				C44E80E11CBC955800006FCE /* OrderBy.swift in Headers */,
				C44E80E21CBC955800006FCE /* SwiftyDB.swift in Headers */,
				C44E80E31CBC955800006FCE /* SwiftyDB+Asynchronous.swift in Headers */,
				C44E80E41CBC955800006FCE /* Filter.swift in Headers */,
				C44E80E51CBC955800006FCE /* Value.swift in Headers */,
				C44E80E61CBC955800006FCE /* Result.swift in Headers */,
				C44E80E71CBC955800006FCE /* PropertyData.swift in Headers */,
				C44E80E81CBC955800006FCE /* StatementGenerator.swift in Headers */,
				C44E81021CBC9DDD00006FCE /* DatabaseConnection.swift in Headers */,
				C44E81031CBC9DDD00006FCE /* DatabaseQueue.swift in Headers */,
				C44E81041CBC9DDD00006FCE /* SQLiteDataType.swift in Headers */,
				C44E81051CBC9DDD00006FCE /* Statement.swift in Headers */,
			);
			runOnlyForDeploymentPostprocessing = 0;
		};
/* End PBXHeadersBuildPhase section */

/* Begin PBXNativeTarget section */
		C44E80C51CBC951200006FCE /* SwiftyDB */ = {
			isa = PBXNativeTarget;
			buildConfigurationList = C44E80D71CBC951200006FCE /* Build configuration list for PBXNativeTarget "SwiftyDB" */;
			buildPhases = (
				C44E80C11CBC951200006FCE /* Sources */,
				C44E80C21CBC951200006FCE /* Frameworks */,
				C44E80C31CBC951200006FCE /* Headers */,
				C44E80C41CBC951200006FCE /* Resources */,
			);
			buildRules = (
			);
			dependencies = (
			);
			name = SwiftyDB;
			productName = SwifthDB;
			productReference = C44E80C61CBC951200006FCE /* SwiftyDB.framework */;
			productType = "com.apple.product-type.framework";
		};
/* End PBXNativeTarget section */

/* Begin PBXProject section */
		607FACC81AFB9204008FA782 /* Project object */ = {
			isa = PBXProject;
			attributes = {
				LastSwiftUpdateCheck = 0730;
				LastUpgradeCheck = 0630;
				ORGANIZATIONNAME = CocoaPods;
				TargetAttributes = {
					C44E80C51CBC951200006FCE = {
						CreatedOnToolsVersion = 7.3;
					};
				};
			};
			buildConfigurationList = 607FACCB1AFB9204008FA782 /* Build configuration list for PBXProject "SwiftyDB" */;
			compatibilityVersion = "Xcode 3.2";
			developmentRegion = English;
			hasScannedForEncodings = 0;
			knownRegions = (
				en,
				Base,
			);
			mainGroup = 607FACC71AFB9204008FA782;
			productRefGroup = 607FACD11AFB9204008FA782 /* Products */;
			projectDirPath = "";
			projectRoot = "";
			targets = (
				C44E80C51CBC951200006FCE /* SwiftyDB */,
			);
		};
/* End PBXProject section */

/* Begin PBXResourcesBuildPhase section */
		C44E80C41CBC951200006FCE /* Resources */ = {
			isa = PBXResourcesBuildPhase;
			buildActionMask = 2147483647;
			files = (
			);
			runOnlyForDeploymentPostprocessing = 0;
		};
/* End PBXResourcesBuildPhase section */

/* Begin PBXSourcesBuildPhase section */
		C44E80C11CBC951200006FCE /* Sources */ = {
			isa = PBXSourcesBuildPhase;
			buildActionMask = 2147483647;
			files = (
				C44E81061CBC9DED00006FCE /* DatabaseConnection.swift in Sources */,
				C44E81071CBC9DED00006FCE /* DatabaseQueue.swift in Sources */,
				C44E81081CBC9DED00006FCE /* SQLiteDataType.swift in Sources */,
				C44E81091CBC9DED00006FCE /* Statement.swift in Sources */,
				C44E80EE1CBC957700006FCE /* OrderBy.swift in Sources */,
				C44E80EF1CBC957700006FCE /* SwiftyDB.swift in Sources */,
				C44E80F01CBC957700006FCE /* SwiftyDB+Asynchronous.swift in Sources */,
				C44E80F11CBC957700006FCE /* Filter.swift in Sources */,
				C44E80F21CBC957700006FCE /* Value.swift in Sources */,
				C44E80F31CBC957700006FCE /* Result.swift in Sources */,
				C44E80F41CBC957700006FCE /* PropertyData.swift in Sources */,
				C44E80F51CBC957700006FCE /* StatementGenerator.swift in Sources */,
			);
			runOnlyForDeploymentPostprocessing = 0;
		};
/* End PBXSourcesBuildPhase section */

/* Begin XCBuildConfiguration section */
		607FACED1AFB9204008FA782 /* Debug */ = {
			isa = XCBuildConfiguration;
			buildSettings = {
				ALWAYS_SEARCH_USER_PATHS = NO;
				CLANG_CXX_LANGUAGE_STANDARD = "gnu++0x";
				CLANG_CXX_LIBRARY = "libc++";
				CLANG_ENABLE_MODULES = YES;
				CLANG_ENABLE_OBJC_ARC = YES;
				CLANG_OPTIMIZATION_PROFILE_FILE = "";
				CLANG_WARN_BOOL_CONVERSION = YES;
				CLANG_WARN_CONSTANT_CONVERSION = YES;
				CLANG_WARN_DIRECT_OBJC_ISA_USAGE = YES_ERROR;
				CLANG_WARN_EMPTY_BODY = YES;
				CLANG_WARN_ENUM_CONVERSION = YES;
				CLANG_WARN_INT_CONVERSION = YES;
				CLANG_WARN_OBJC_ROOT_CLASS = YES_ERROR;
				CLANG_WARN_UNREACHABLE_CODE = YES;
				CLANG_WARN__DUPLICATE_METHOD_MATCH = YES;
				"CODE_SIGN_IDENTITY[sdk=iphoneos*]" = "iPhone Developer";
				COPY_PHASE_STRIP = NO;
				DEBUG_INFORMATION_FORMAT = "dwarf-with-dsym";
				ENABLE_STRICT_OBJC_MSGSEND = YES;
				GCC_C_LANGUAGE_STANDARD = gnu99;
				GCC_DYNAMIC_NO_PIC = NO;
				GCC_NO_COMMON_BLOCKS = YES;
				GCC_OPTIMIZATION_LEVEL = 0;
				GCC_PREPROCESSOR_DEFINITIONS = (
					"DEBUG=1",
					"$(inherited)",
				);
				GCC_SYMBOLS_PRIVATE_EXTERN = NO;
				GCC_WARN_64_TO_32_BIT_CONVERSION = YES;
				GCC_WARN_ABOUT_RETURN_TYPE = YES_ERROR;
				GCC_WARN_UNDECLARED_SELECTOR = YES;
				GCC_WARN_UNINITIALIZED_AUTOS = YES_AGGRESSIVE;
				GCC_WARN_UNUSED_FUNCTION = YES;
				GCC_WARN_UNUSED_VARIABLE = YES;
				IPHONEOS_DEPLOYMENT_TARGET = 8.3;
				MTL_ENABLE_DEBUG_INFO = YES;
				ONLY_ACTIVE_ARCH = YES;
				SDKROOT = iphoneos;
				SWIFT_INCLUDE_PATHS = "$(SRCROOT)/OptimizationProfiles/$(PROJECT_NAME).profdata";
				SWIFT_OPTIMIZATION_LEVEL = "-Onone";
			};
			name = Debug;
		};
		607FACEE1AFB9204008FA782 /* Release */ = {
			isa = XCBuildConfiguration;
			buildSettings = {
				ALWAYS_SEARCH_USER_PATHS = NO;
				CLANG_CXX_LANGUAGE_STANDARD = "gnu++0x";
				CLANG_CXX_LIBRARY = "libc++";
				CLANG_ENABLE_MODULES = YES;
				CLANG_ENABLE_OBJC_ARC = YES;
				CLANG_OPTIMIZATION_PROFILE_FILE = "";
				CLANG_WARN_BOOL_CONVERSION = YES;
				CLANG_WARN_CONSTANT_CONVERSION = YES;
				CLANG_WARN_DIRECT_OBJC_ISA_USAGE = YES_ERROR;
				CLANG_WARN_EMPTY_BODY = YES;
				CLANG_WARN_ENUM_CONVERSION = YES;
				CLANG_WARN_INT_CONVERSION = YES;
				CLANG_WARN_OBJC_ROOT_CLASS = YES_ERROR;
				CLANG_WARN_UNREACHABLE_CODE = YES;
				CLANG_WARN__DUPLICATE_METHOD_MATCH = YES;
				"CODE_SIGN_IDENTITY[sdk=iphoneos*]" = "iPhone Developer";
				COPY_PHASE_STRIP = NO;
				DEBUG_INFORMATION_FORMAT = "dwarf-with-dsym";
				ENABLE_NS_ASSERTIONS = NO;
				ENABLE_STRICT_OBJC_MSGSEND = YES;
				GCC_C_LANGUAGE_STANDARD = gnu99;
				GCC_NO_COMMON_BLOCKS = YES;
				GCC_WARN_64_TO_32_BIT_CONVERSION = YES;
				GCC_WARN_ABOUT_RETURN_TYPE = YES_ERROR;
				GCC_WARN_UNDECLARED_SELECTOR = YES;
				GCC_WARN_UNINITIALIZED_AUTOS = YES_AGGRESSIVE;
				GCC_WARN_UNUSED_FUNCTION = YES;
				GCC_WARN_UNUSED_VARIABLE = YES;
				IPHONEOS_DEPLOYMENT_TARGET = 8.3;
				MTL_ENABLE_DEBUG_INFO = NO;
				SDKROOT = iphoneos;
				SWIFT_INCLUDE_PATHS = "$(SRCROOT)/OptimizationProfiles/$(PROJECT_NAME).profdata";
				VALIDATE_PRODUCT = YES;
			};
			name = Release;
		};
		C44E80D81CBC951200006FCE /* Debug */ = {
			isa = XCBuildConfiguration;
			buildSettings = {
				CLANG_ANALYZER_NONNULL = YES;
				CURRENT_PROJECT_VERSION = 1;
				DEBUG_INFORMATION_FORMAT = dwarf;
				DEFINES_MODULE = YES;
				DYLIB_COMPATIBILITY_VERSION = 1;
				DYLIB_CURRENT_VERSION = 1;
				DYLIB_INSTALL_NAME_BASE = "@rpath";
				ENABLE_TESTABILITY = YES;
				INFOPLIST_FILE = "$(SRCROOT)/SwiftyDB/Info.plist";
				INSTALL_PATH = "$(LOCAL_LIBRARY_DIR)/Frameworks";
				IPHONEOS_DEPLOYMENT_TARGET = 8.0;
				LD_RUNPATH_SEARCH_PATHS = "$(inherited) @executable_path/Frameworks @loader_path/Frameworks";
				OTHER_CFLAGS = "-fembed-bitcode";
				OTHER_LDFLAGS = "-all_load";
				PRODUCT_BUNDLE_IDENTIFIER = cn.chaojijiangshi.SwifthDB;
				PRODUCT_NAME = SwiftyDB;
				SKIP_INSTALL = YES;
				SWIFT_OBJC_BRIDGING_HEADER = "${SRCROOT}/../Pod/Bridge/SwiftyDB_Bridging-Header.h";
				TARGETED_DEVICE_FAMILY = "1,2";
				VERSIONING_SYSTEM = "apple-generic";
				VERSION_INFO_PREFIX = "";
			};
			name = Debug;
		};
		C44E80D91CBC951200006FCE /* Release */ = {
			isa = XCBuildConfiguration;
			buildSettings = {
				CLANG_ANALYZER_NONNULL = YES;
				CURRENT_PROJECT_VERSION = 1;
				DEFINES_MODULE = YES;
				DYLIB_COMPATIBILITY_VERSION = 1;
				DYLIB_CURRENT_VERSION = 1;
				DYLIB_INSTALL_NAME_BASE = "@rpath";
				INFOPLIST_FILE = "$(SRCROOT)/SwiftyDB/Info.plist";
				INSTALL_PATH = "$(LOCAL_LIBRARY_DIR)/Frameworks";
				IPHONEOS_DEPLOYMENT_TARGET = 8.0;
				LD_RUNPATH_SEARCH_PATHS = "$(inherited) @executable_path/Frameworks @loader_path/Frameworks";
				OTHER_CFLAGS = "-fembed-bitcode";
				OTHER_LDFLAGS = "-all_load";
				PRODUCT_BUNDLE_IDENTIFIER = cn.chaojijiangshi.SwifthDB;
				PRODUCT_NAME = SwiftyDB;
				SKIP_INSTALL = YES;
				SWIFT_OBJC_BRIDGING_HEADER = "${SRCROOT}/../Pod/Bridge/SwiftyDB_Bridging-Header.h";
				TARGETED_DEVICE_FAMILY = "1,2";
				VERSIONING_SYSTEM = "apple-generic";
				VERSION_INFO_PREFIX = "";
			};
			name = Release;
		};
/* End XCBuildConfiguration section */

/* Begin XCConfigurationList section */
		607FACCB1AFB9204008FA782 /* Build configuration list for PBXProject "SwiftyDB" */ = {
			isa = XCConfigurationList;
			buildConfigurations = (
				607FACED1AFB9204008FA782 /* Debug */,
				607FACEE1AFB9204008FA782 /* Release */,
			);
			defaultConfigurationIsVisible = 0;
			defaultConfigurationName = Release;
		};
		C44E80D71CBC951200006FCE /* Build configuration list for PBXNativeTarget "SwiftyDB" */ = {
			isa = XCConfigurationList;
			buildConfigurations = (
				C44E80D81CBC951200006FCE /* Debug */,
				C44E80D91CBC951200006FCE /* Release */,
			);
			defaultConfigurationIsVisible = 0;
			defaultConfigurationName = Release;
		};
/* End XCConfigurationList section */
	};
	rootObject = 607FACC81AFB9204008FA782 /* Project object */;
}
